{
  "version": 4,
  "terraform_version": "1.4.6",
  "serial": 113,
  "lineage": "5154808e-d5a9-72a5-b645-e418735d0045",
  "outputs": {},
  "resources": [
    {
      "module": "module.ec2",
      "mode": "managed",
      "type": "aws_autoscaling_group",
      "name": "wordpress-as-dev",
      "provider": "provider[\"registry.terraform.io/hashicorp/aws\"]",
      "instances": [
        {
          "schema_version": 0,
          "attributes": {
            "arn": "arn:aws:autoscaling:ap-southeast-1:269597175775:autoScalingGroup:e84dfb8b-12dc-4d41-9f96-163e35deaaf4:autoScalingGroupName/terraform-20230627094453391400000003",
            "availability_zones": [
              "ap-southeast-1c"
            ],
            "capacity_rebalance": false,
            "context": "",
            "default_cooldown": 300,
            "default_instance_warmup": 0,
            "desired_capacity": 2,
            "desired_capacity_type": "",
            "enabled_metrics": null,
            "force_delete": false,
            "force_delete_warm_pool": false,
            "health_check_grace_period": 300,
            "health_check_type": "EC2",
            "id": "terraform-20230627094453391400000003",
            "initial_lifecycle_hook": [],
            "instance_refresh": [],
            "launch_configuration": "terraform-20230627094444845100000002",
            "launch_template": [],
            "load_balancers": [],
            "max_instance_lifetime": 0,
            "max_size": 3,
            "metrics_granularity": "1Minute",
            "min_elb_capacity": null,
            "min_size": 1,
            "mixed_instances_policy": [],
            "name": "terraform-20230627094453391400000003",
            "name_prefix": "terraform-",
            "placement_group": "",
            "predicted_capacity": 0,
            "protect_from_scale_in": false,
            "service_linked_role_arn": "arn:aws:iam::269597175775:role/aws-service-role/autoscaling.amazonaws.com/AWSServiceRoleForAutoScaling",
            "suspended_processes": null,
            "tag": [],
            "target_group_arns": [],
            "termination_policies": null,
            "timeouts": null,
            "traffic_source": [],
            "vpc_zone_identifier": [
              "subnet-04b119cbcad6f62e7",
              "subnet-0a8d9a3f94b57fdb5"
            ],
            "wait_for_capacity_timeout": "10m",
            "wait_for_elb_capacity": null,
            "warm_pool": [],
            "warm_pool_size": 0
          },
          "sensitive_attributes": [],
          "private": "eyJlMmJmYjczMC1lY2FhLTExZTYtOGY4OC0zNDM2M2JjN2M0YzAiOnsiZGVsZXRlIjo2MDAwMDAwMDAwMDAsInVwZGF0ZSI6NjAwMDAwMDAwMDAwfX0=",
          "dependencies": [
            "module.ec2.aws_launch_configuration.wordpress-lc-dev",
            "module.ec2.aws_security_group.wordpress-sg-dev",
            "module.networks.aws_subnet.wordpress-private_sb1-dev",
            "module.networks.aws_subnet.wordpress-public_sb1-dev",
            "module.networks.aws_vpc.wordpress-vpc-dev"
          ]
        }
      ]
    },
    {
      "module": "module.ec2",
      "mode": "managed",
      "type": "aws_launch_configuration",
      "name": "wordpress-lc-dev",
      "provider": "provider[\"registry.terraform.io/hashicorp/aws\"]",
      "instances": [
        {
          "schema_version": 0,
          "attributes": {
            "arn": "arn:aws:autoscaling:ap-southeast-1:269597175775:launchConfiguration:eed31410-5165-4701-b8a0-70d7c2271373:launchConfigurationName/terraform-20230627094444845100000002",
            "associate_public_ip_address": false,
            "ebs_block_device": [],
            "ebs_optimized": false,
            "enable_monitoring": true,
            "ephemeral_block_device": [],
            "iam_instance_profile": "",
            "id": "terraform-20230627094444845100000002",
            "image_id": "ami-0b1217c6bff20e276",
            "instance_type": "t2.micro",
            "key_name": "",
            "metadata_options": [],
            "name": "terraform-20230627094444845100000002",
            "name_prefix": "terraform-",
            "placement_tenancy": "",
            "root_block_device": [],
            "security_groups": [
              "sg-06fb88d396bf2d149"
            ],
            "spot_price": "",
            "user_data": "db9269349532008f2bbd40720cb3000d8230e20e",
            "user_data_base64": null
          },
          "sensitive_attributes": [],
          "private": "bnVsbA==",
          "dependencies": [
            "module.ec2.aws_security_group.wordpress-sg-dev",
            "module.networks.aws_vpc.wordpress-vpc-dev"
          ]
        }
      ]
    },
    {
      "module": "module.ec2",
      "mode": "managed",
      "type": "aws_security_group",
      "name": "wordpress-sg-dev",
      "provider": "provider[\"registry.terraform.io/hashicorp/aws\"]",
      "instances": [
        {
          "schema_version": 1,
          "attributes": {
            "arn": "arn:aws:ec2:ap-southeast-1:269597175775:security-group/sg-06fb88d396bf2d149",
            "description": "Managed by Terraform",
            "egress": [
              {
                "cidr_blocks": [
                  "0.0.0.0/0"
                ],
                "description": "",
                "from_port": 0,
                "ipv6_cidr_blocks": [],
                "prefix_list_ids": [],
                "protocol": "-1",
                "security_groups": [],
                "self": false,
                "to_port": 0
              }
            ],
            "id": "sg-06fb88d396bf2d149",
            "ingress": [
              {
                "cidr_blocks": [
                  "0.0.0.0/0"
                ],
                "description": "",
                "from_port": 80,
                "ipv6_cidr_blocks": [],
                "prefix_list_ids": [],
                "protocol": "tcp",
                "security_groups": [],
                "self": false,
                "to_port": 80
              }
            ],
            "name": "wordpress-sg-dev20230627094442569200000001",
            "name_prefix": "wordpress-sg-dev",
            "owner_id": "269597175775",
            "revoke_rules_on_delete": false,
            "tags": null,
            "tags_all": {},
            "timeouts": null,
            "vpc_id": "vpc-0ca63bbbabae2b0d2"
          },
          "sensitive_attributes": [],
          "private": "eyJlMmJmYjczMC1lY2FhLTExZTYtOGY4OC0zNDM2M2JjN2M0YzAiOnsiY3JlYXRlIjo2MDAwMDAwMDAwMDAsImRlbGV0ZSI6OTAwMDAwMDAwMDAwfSwic2NoZW1hX3ZlcnNpb24iOiIxIn0=",
          "dependencies": [
            "module.networks.aws_vpc.wordpress-vpc-dev"
          ]
        }
      ]
    },
    {
      "module": "module.networks",
      "mode": "managed",
      "type": "aws_subnet",
      "name": "wordpress-private_sb1-dev",
      "provider": "provider[\"registry.terraform.io/hashicorp/aws\"]",
      "instances": [
        {
          "schema_version": 1,
          "attributes": {
            "arn": "arn:aws:ec2:ap-southeast-1:269597175775:subnet/subnet-0a8d9a3f94b57fdb5",
            "assign_ipv6_address_on_creation": false,
            "availability_zone": "ap-southeast-1c",
            "availability_zone_id": "apse1-az3",
            "cidr_block": "10.0.1.0/24",
            "customer_owned_ipv4_pool": "",
            "enable_dns64": false,
            "enable_lni_at_device_index": 0,
            "enable_resource_name_dns_a_record_on_launch": false,
            "enable_resource_name_dns_aaaa_record_on_launch": false,
            "id": "subnet-0a8d9a3f94b57fdb5",
            "ipv6_cidr_block": "",
            "ipv6_cidr_block_association_id": "",
            "ipv6_native": false,
            "map_customer_owned_ip_on_launch": false,
            "map_public_ip_on_launch": false,
            "outpost_arn": "",
            "owner_id": "269597175775",
            "private_dns_hostname_type_on_launch": "ip-name",
            "tags": {
              "Name": "wordpress-public_sb1-dev"
            },
            "tags_all": {
              "Name": "wordpress-public_sb1-dev"
            },
            "timeouts": null,
            "vpc_id": "vpc-0ca63bbbabae2b0d2"
          },
          "sensitive_attributes": [],
          "private": "eyJlMmJmYjczMC1lY2FhLTExZTYtOGY4OC0zNDM2M2JjN2M0YzAiOnsiY3JlYXRlIjo2MDAwMDAwMDAwMDAsImRlbGV0ZSI6MTIwMDAwMDAwMDAwMH0sInNjaGVtYV92ZXJzaW9uIjoiMSJ9",
          "dependencies": [
            "module.networks.aws_vpc.wordpress-vpc-dev"
          ]
        }
      ]
    },
    {
      "module": "module.networks",
      "mode": "managed",
      "type": "aws_subnet",
      "name": "wordpress-public_sb1-dev",
      "provider": "provider[\"registry.terraform.io/hashicorp/aws\"]",
      "instances": [
        {
          "schema_version": 1,
          "attributes": {
            "arn": "arn:aws:ec2:ap-southeast-1:269597175775:subnet/subnet-04b119cbcad6f62e7",
            "assign_ipv6_address_on_creation": false,
            "availability_zone": "ap-southeast-1c",
            "availability_zone_id": "apse1-az3",
            "cidr_block": "10.0.0.0/24",
            "customer_owned_ipv4_pool": "",
            "enable_dns64": false,
            "enable_lni_at_device_index": 0,
            "enable_resource_name_dns_a_record_on_launch": false,
            "enable_resource_name_dns_aaaa_record_on_launch": false,
            "id": "subnet-04b119cbcad6f62e7",
            "ipv6_cidr_block": "",
            "ipv6_cidr_block_association_id": "",
            "ipv6_native": false,
            "map_customer_owned_ip_on_launch": false,
            "map_public_ip_on_launch": true,
            "outpost_arn": "",
            "owner_id": "269597175775",
            "private_dns_hostname_type_on_launch": "ip-name",
            "tags": {
              "Name": "wordpress-public_sb1-dev"
            },
            "tags_all": {
              "Name": "wordpress-public_sb1-dev"
            },
            "timeouts": null,
            "vpc_id": "vpc-0ca63bbbabae2b0d2"
          },
          "sensitive_attributes": [],
          "private": "eyJlMmJmYjczMC1lY2FhLTExZTYtOGY4OC0zNDM2M2JjN2M0YzAiOnsiY3JlYXRlIjo2MDAwMDAwMDAwMDAsImRlbGV0ZSI6MTIwMDAwMDAwMDAwMH0sInNjaGVtYV92ZXJzaW9uIjoiMSJ9",
          "dependencies": [
            "module.networks.aws_vpc.wordpress-vpc-dev"
          ]
        }
      ]
    },
    {
      "module": "module.networks",
      "mode": "managed",
      "type": "aws_vpc",
      "name": "wordpress-vpc-dev",
      "provider": "provider[\"registry.terraform.io/hashicorp/aws\"]",
      "instances": [
        {
          "schema_version": 1,
          "attributes": {
            "arn": "arn:aws:ec2:ap-southeast-1:269597175775:vpc/vpc-0ca63bbbabae2b0d2",
            "assign_generated_ipv6_cidr_block": false,
            "cidr_block": "10.0.0.0/16",
            "default_network_acl_id": "acl-0b163d7456df19a52",
            "default_route_table_id": "rtb-0bd5d3a9969b1ec35",
            "default_security_group_id": "sg-0622463a74f07b82e",
            "dhcp_options_id": "dopt-0e41e836a562723b0",
            "enable_dns_hostnames": false,
            "enable_dns_support": true,
            "enable_network_address_usage_metrics": false,
            "id": "vpc-0ca63bbbabae2b0d2",
            "instance_tenancy": "default",
            "ipv4_ipam_pool_id": null,
            "ipv4_netmask_length": null,
            "ipv6_association_id": "",
            "ipv6_cidr_block": "",
            "ipv6_cidr_block_network_border_group": "",
            "ipv6_ipam_pool_id": "",
            "ipv6_netmask_length": 0,
            "main_route_table_id": "rtb-0bd5d3a9969b1ec35",
            "owner_id": "269597175775",
            "tags": {
              "Name": "wordpress-vpc-dev"
            },
            "tags_all": {
              "Name": "wordpress-vpc-dev"
            }
          },
          "sensitive_attributes": [],
          "private": "eyJzY2hlbWFfdmVyc2lvbiI6IjEifQ=="
        }
      ]
    }
  ],
  "check_results": null
}
